// !$*UTF8*$!
{
	archiveVersion = 1;
	classes = {
	};
	objectVersion = 48;
	objects = {

/* Begin PBXBuildFile section */
		2E18D04743677273896DC52C /* Pods_CodersBrain.framework in Frameworks */ = {isa = PBXBuildFile; fileRef = FDB9F829E3EFF402333E2E6C /* Pods_CodersBrain.framework */; };
		CD1B04D5206B5FD200922556 /* CBListingDetailViewController.swift in Sources */ = {isa = PBXBuildFile; fileRef = CD1B04D4206B5FD200922556 /* CBListingDetailViewController.swift */; };
		CD1B04D8206B5FF200922556 /* listingDetail.storyboard in Resources */ = {isa = PBXBuildFile; fileRef = CD1B04D7206B5FF200922556 /* listingDetail.storyboard */; };
		CD1B04DC206B7D0800922556 /* credentials.plist in Resources */ = {isa = PBXBuildFile; fileRef = CD1B04DB206B7D0800922556 /* credentials.plist */; };
		CD6AC1B120691735000CB1CF /* AppDelegate.swift in Sources */ = {isa = PBXBuildFile; fileRef = CD6AC1B020691735000CB1CF /* AppDelegate.swift */; };
		CD6AC1B620691735000CB1CF /* Main.storyboard in Resources */ = {isa = PBXBuildFile; fileRef = CD6AC1B420691735000CB1CF /* Main.storyboard */; };
		CD6AC1B920691735000CB1CF /* CodersBrain.xcdatamodeld in Sources */ = {isa = PBXBuildFile; fileRef = CD6AC1B720691735000CB1CF /* CodersBrain.xcdatamodeld */; };
		CD6AC1BB20691735000CB1CF /* Assets.xcassets in Resources */ = {isa = PBXBuildFile; fileRef = CD6AC1BA20691735000CB1CF /* Assets.xcassets */; };
		CD6AC1BE20691735000CB1CF /* LaunchScreen.storyboard in Resources */ = {isa = PBXBuildFile; fileRef = CD6AC1BC20691735000CB1CF /* LaunchScreen.storyboard */; };
		CD6AC1C920691735000CB1CF /* CodersBrainTests.swift in Sources */ = {isa = PBXBuildFile; fileRef = CD6AC1C820691735000CB1CF /* CodersBrainTests.swift */; };
		CD6AC1D420691735000CB1CF /* CodersBrainUITests.swift in Sources */ = {isa = PBXBuildFile; fileRef = CD6AC1D320691735000CB1CF /* CodersBrainUITests.swift */; };
		CD6BB343206A11B100712F2E /* jsonFile.json in Resources */ = {isa = PBXBuildFile; fileRef = CD6BB342206A11B100712F2E /* jsonFile.json */; };
		CD6BB34B206A133800712F2E /* StoryboardHelper.swift in Sources */ = {isa = PBXBuildFile; fileRef = CD6BB34A206A133800712F2E /* StoryboardHelper.swift */; };
		CD6BB34D206A141A00712F2E /* CBListingViewController.swift in Sources */ = {isa = PBXBuildFile; fileRef = CD6BB34C206A141A00712F2E /* CBListingViewController.swift */; };
		CD6BB352206A14B900712F2E /* CBUserServices.swift in Sources */ = {isa = PBXBuildFile; fileRef = CD6BB351206A14B900712F2E /* CBUserServices.swift */; };
		CD6BB356206A153100712F2E /* CBListingModel.swift in Sources */ = {isa = PBXBuildFile; fileRef = CD6BB355206A153100712F2E /* CBListingModel.swift */; };
		CD6BB35A206A160300712F2E /* CBListingTableViewCell.swift in Sources */ = {isa = PBXBuildFile; fileRef = CD6BB359206A160300712F2E /* CBListingTableViewCell.swift */; };
		CD6BB35C206A1A5700712F2E /* UIView.swift in Sources */ = {isa = PBXBuildFile; fileRef = CD6BB35B206A1A5700712F2E /* UIView.swift */; };
		CD6BB35E206A1E4000712F2E /* CBTabBarController.swift in Sources */ = {isa = PBXBuildFile; fileRef = CD6BB35D206A1E4000712F2E /* CBTabBarController.swift */; };
		CD6BB363206A1F2100712F2E /* CBLoginViewController.swift in Sources */ = {isa = PBXBuildFile; fileRef = CD6BB362206A1F2100712F2E /* CBLoginViewController.swift */; };
		CD6BB369206A565600712F2E /* CBSaveListViewController.swift in Sources */ = {isa = PBXBuildFile; fileRef = CD6BB368206A565600712F2E /* CBSaveListViewController.swift */; };
		CD6BB36C206A57DC00712F2E /* CBSaveListTableViewCell.swift in Sources */ = {isa = PBXBuildFile; fileRef = CD6BB36B206A57DC00712F2E /* CBSaveListTableViewCell.swift */; };
		CD6BB370206ABE2E00712F2E /* CBCoreDataUtilityFile.swift in Sources */ = {isa = PBXBuildFile; fileRef = CD6BB36F206ABE2E00712F2E /* CBCoreDataUtilityFile.swift */; };
/* End PBXBuildFile section */

/* Begin PBXContainerItemProxy section */
		CD6AC1C520691735000CB1CF /* PBXContainerItemProxy */ = {
			isa = PBXContainerItemProxy;
			containerPortal = CD6AC1A520691735000CB1CF /* Project object */;
			proxyType = 1;
			remoteGlobalIDString = CD6AC1AC20691735000CB1CF;
			remoteInfo = CodersBrain;
		};
		CD6AC1D020691735000CB1CF /* PBXContainerItemProxy */ = {
			isa = PBXContainerItemProxy;
			containerPortal = CD6AC1A520691735000CB1CF /* Project object */;
			proxyType = 1;
			remoteGlobalIDString = CD6AC1AC20691735000CB1CF;
			remoteInfo = CodersBrain;
		};
/* End PBXContainerItemProxy section */

/* Begin PBXFileReference section */
		28B873C3AEC414C520BBE30E /* Pods-CodersBrain.release.xcconfig */ = {isa = PBXFileReference; includeInIndex = 1; lastKnownFileType = text.xcconfig; name = "Pods-CodersBrain.release.xcconfig"; path = "Pods/Target Support Files/Pods-CodersBrain/Pods-CodersBrain.release.xcconfig"; sourceTree = "<group>"; };
		81FC4619FEB7B44AE0E26DE0 /* Pods-CodersBrain.debug.xcconfig */ = {isa = PBXFileReference; includeInIndex = 1; lastKnownFileType = text.xcconfig; name = "Pods-CodersBrain.debug.xcconfig"; path = "Pods/Target Support Files/Pods-CodersBrain/Pods-CodersBrain.debug.xcconfig"; sourceTree = "<group>"; };
		CD1B04D4206B5FD200922556 /* CBListingDetailViewController.swift */ = {isa = PBXFileReference; lastKnownFileType = sourcecode.swift; path = CBListingDetailViewController.swift; sourceTree = "<group>"; };
		CD1B04D7206B5FF200922556 /* listingDetail.storyboard */ = {isa = PBXFileReference; lastKnownFileType = file.storyboard; path = listingDetail.storyboard; sourceTree = "<group>"; };
		CD1B04DB206B7D0800922556 /* credentials.plist */ = {isa = PBXFileReference; fileEncoding = 4; lastKnownFileType = text.plist.xml; path = credentials.plist; sourceTree = "<group>"; };
		CD6AC1AD20691735000CB1CF /* CodersBrain.app */ = {isa = PBXFileReference; explicitFileType = wrapper.application; includeInIndex = 0; path = CodersBrain.app; sourceTree = BUILT_PRODUCTS_DIR; };
		CD6AC1B020691735000CB1CF /* AppDelegate.swift */ = {isa = PBXFileReference; lastKnownFileType = sourcecode.swift; path = AppDelegate.swift; sourceTree = "<group>"; };
		CD6AC1B520691735000CB1CF /* Base */ = {isa = PBXFileReference; lastKnownFileType = file.storyboard; name = Base; path = Base.lproj/Main.storyboard; sourceTree = "<group>"; };
		CD6AC1B820691735000CB1CF /* CodersBrain.xcdatamodel */ = {isa = PBXFileReference; lastKnownFileType = wrapper.xcdatamodel; path = CodersBrain.xcdatamodel; sourceTree = "<group>"; };
		CD6AC1BA20691735000CB1CF /* Assets.xcassets */ = {isa = PBXFileReference; lastKnownFileType = folder.assetcatalog; path = Assets.xcassets; sourceTree = "<group>"; };
		CD6AC1BD20691735000CB1CF /* Base */ = {isa = PBXFileReference; lastKnownFileType = file.storyboard; name = Base; path = Base.lproj/LaunchScreen.storyboard; sourceTree = "<group>"; };
		CD6AC1BF20691735000CB1CF /* Info.plist */ = {isa = PBXFileReference; lastKnownFileType = text.plist.xml; path = Info.plist; sourceTree = "<group>"; };
		CD6AC1C420691735000CB1CF /* CodersBrainTests.xctest */ = {isa = PBXFileReference; explicitFileType = wrapper.cfbundle; includeInIndex = 0; path = CodersBrainTests.xctest; sourceTree = BUILT_PRODUCTS_DIR; };
		CD6AC1C820691735000CB1CF /* CodersBrainTests.swift */ = {isa = PBXFileReference; lastKnownFileType = sourcecode.swift; path = CodersBrainTests.swift; sourceTree = "<group>"; };
		CD6AC1CA20691735000CB1CF /* Info.plist */ = {isa = PBXFileReference; lastKnownFileType = text.plist.xml; path = Info.plist; sourceTree = "<group>"; };
		CD6AC1CF20691735000CB1CF /* CodersBrainUITests.xctest */ = {isa = PBXFileReference; explicitFileType = wrapper.cfbundle; includeInIndex = 0; path = CodersBrainUITests.xctest; sourceTree = BUILT_PRODUCTS_DIR; };
		CD6AC1D320691735000CB1CF /* CodersBrainUITests.swift */ = {isa = PBXFileReference; lastKnownFileType = sourcecode.swift; path = CodersBrainUITests.swift; sourceTree = "<group>"; };
		CD6AC1D520691735000CB1CF /* Info.plist */ = {isa = PBXFileReference; lastKnownFileType = text.plist.xml; path = Info.plist; sourceTree = "<group>"; };
		CD6BB342206A11B100712F2E /* jsonFile.json */ = {isa = PBXFileReference; fileEncoding = 4; lastKnownFileType = text.json; path = jsonFile.json; sourceTree = "<group>"; };
		CD6BB34A206A133800712F2E /* StoryboardHelper.swift */ = {isa = PBXFileReference; fileEncoding = 4; lastKnownFileType = sourcecode.swift; path = StoryboardHelper.swift; sourceTree = "<group>"; };
		CD6BB34C206A141A00712F2E /* CBListingViewController.swift */ = {isa = PBXFileReference; lastKnownFileType = sourcecode.swift; path = CBListingViewController.swift; sourceTree = "<group>"; };
		CD6BB351206A14B900712F2E /* CBUserServices.swift */ = {isa = PBXFileReference; fileEncoding = 4; lastKnownFileType = sourcecode.swift; path = CBUserServices.swift; sourceTree = "<group>"; };
		CD6BB355206A153100712F2E /* CBListingModel.swift */ = {isa = PBXFileReference; lastKnownFileType = sourcecode.swift; path = CBListingModel.swift; sourceTree = "<group>"; };
		CD6BB359206A160300712F2E /* CBListingTableViewCell.swift */ = {isa = PBXFileReference; lastKnownFileType = sourcecode.swift; path = CBListingTableViewCell.swift; sourceTree = "<group>"; };
		CD6BB35B206A1A5700712F2E /* UIView.swift */ = {isa = PBXFileReference; fileEncoding = 4; lastKnownFileType = sourcecode.swift; path = UIView.swift; sourceTree = "<group>"; };
		CD6BB35D206A1E4000712F2E /* CBTabBarController.swift */ = {isa = PBXFileReference; fileEncoding = 4; lastKnownFileType = sourcecode.swift; path = CBTabBarController.swift; sourceTree = "<group>"; };
		CD6BB362206A1F2100712F2E /* CBLoginViewController.swift */ = {isa = PBXFileReference; lastKnownFileType = sourcecode.swift; path = CBLoginViewController.swift; sourceTree = "<group>"; };
		CD6BB368206A565600712F2E /* CBSaveListViewController.swift */ = {isa = PBXFileReference; lastKnownFileType = sourcecode.swift; path = CBSaveListViewController.swift; sourceTree = "<group>"; };
		CD6BB36B206A57DC00712F2E /* CBSaveListTableViewCell.swift */ = {isa = PBXFileReference; lastKnownFileType = sourcecode.swift; path = CBSaveListTableViewCell.swift; sourceTree = "<group>"; };
		CD6BB36F206ABE2E00712F2E /* CBCoreDataUtilityFile.swift */ = {isa = PBXFileReference; lastKnownFileType = sourcecode.swift; path = CBCoreDataUtilityFile.swift; sourceTree = "<group>"; };
		FDB9F829E3EFF402333E2E6C /* Pods_CodersBrain.framework */ = {isa = PBXFileReference; explicitFileType = wrapper.framework; includeInIndex = 0; path = Pods_CodersBrain.framework; sourceTree = BUILT_PRODUCTS_DIR; };
/* End PBXFileReference section */

/* Begin PBXFrameworksBuildPhase section */
		CD6AC1AA20691735000CB1CF /* Frameworks */ = {
			isa = PBXFrameworksBuildPhase;
			buildActionMask = 2147483647;
			files = (
				2E18D04743677273896DC52C /* Pods_CodersBrain.framework in Frameworks */,
			);
			runOnlyForDeploymentPostprocessing = 0;
		};
		CD6AC1C120691735000CB1CF /* Frameworks */ = {
			isa = PBXFrameworksBuildPhase;
			buildActionMask = 2147483647;
			files = (
			);
			runOnlyForDeploymentPostprocessing = 0;
		};
		CD6AC1CC20691735000CB1CF /* Frameworks */ = {
			isa = PBXFrameworksBuildPhase;
			buildActionMask = 2147483647;
			files = (
			);
			runOnlyForDeploymentPostprocessing = 0;
		};
/* End PBXFrameworksBuildPhase section */

/* Begin PBXGroup section */
		77A1A8A9F49D906650C33551 /* Frameworks */ = {
			isa = PBXGroup;
			children = (
				FDB9F829E3EFF402333E2E6C /* Pods_CodersBrain.framework */,
			);
			name = Frameworks;
			sourceTree = "<group>";
		};
		C5C427F6CF40F0248ED97C43 /* Pods */ = {
			isa = PBXGroup;
			children = (
				81FC4619FEB7B44AE0E26DE0 /* Pods-CodersBrain.debug.xcconfig */,
				28B873C3AEC414C520BBE30E /* Pods-CodersBrain.release.xcconfig */,
			);
			name = Pods;
			sourceTree = "<group>";
		};
		CD1B04D2206B5F1C00922556 /* CBListingDetail */ = {
			isa = PBXGroup;
			children = (
				CD1B04D6206B5FDC00922556 /* StoryBoard */,
				CD1B04D3206B5F9F00922556 /* ViewController */,
			);
			path = CBListingDetail;
			sourceTree = "<group>";
		};
		CD1B04D3206B5F9F00922556 /* ViewController */ = {
			isa = PBXGroup;
			children = (
				CD1B04D4206B5FD200922556 /* CBListingDetailViewController.swift */,
			);
			path = ViewController;
			sourceTree = "<group>";
		};
		CD1B04D6206B5FDC00922556 /* StoryBoard */ = {
			isa = PBXGroup;
			children = (
				CD1B04D7206B5FF200922556 /* listingDetail.storyboard */,
			);
			path = StoryBoard;
			sourceTree = "<group>";
		};
		CD6AC1A420691735000CB1CF = {
			isa = PBXGroup;
			children = (
				CD6AC1AF20691735000CB1CF /* CodersBrain */,
				CD6AC1C720691735000CB1CF /* CodersBrainTests */,
				CD6AC1D220691735000CB1CF /* CodersBrainUITests */,
				CD6AC1AE20691735000CB1CF /* Products */,
				C5C427F6CF40F0248ED97C43 /* Pods */,
				77A1A8A9F49D906650C33551 /* Frameworks */,
			);
			sourceTree = "<group>";
		};
		CD6AC1AE20691735000CB1CF /* Products */ = {
			isa = PBXGroup;
			children = (
				CD6AC1AD20691735000CB1CF /* CodersBrain.app */,
				CD6AC1C420691735000CB1CF /* CodersBrainTests.xctest */,
				CD6AC1CF20691735000CB1CF /* CodersBrainUITests.xctest */,
			);
			name = Products;
			sourceTree = "<group>";
		};
		CD6AC1AF20691735000CB1CF /* CodersBrain */ = {
			isa = PBXGroup;
			children = (
				CD6BB357206A15A500712F2E /* Source */,
				CD6AC1B420691735000CB1CF /* Main.storyboard */,
				CD6AC1BA20691735000CB1CF /* Assets.xcassets */,
				CD6AC1BC20691735000CB1CF /* LaunchScreen.storyboard */,
				CD6AC1BF20691735000CB1CF /* Info.plist */,
				CD6AC1B720691735000CB1CF /* CodersBrain.xcdatamodeld */,
			);
			path = CodersBrain;
			sourceTree = "<group>";
		};
		CD6AC1C720691735000CB1CF /* CodersBrainTests */ = {
			isa = PBXGroup;
			children = (
				CD6AC1C820691735000CB1CF /* CodersBrainTests.swift */,
				CD6AC1CA20691735000CB1CF /* Info.plist */,
			);
			path = CodersBrainTests;
			sourceTree = "<group>";
		};
		CD6AC1D220691735000CB1CF /* CodersBrainUITests */ = {
			isa = PBXGroup;
			children = (
				CD6AC1D320691735000CB1CF /* CodersBrainUITests.swift */,
				CD6AC1D520691735000CB1CF /* Info.plist */,
			);
			path = CodersBrainUITests;
			sourceTree = "<group>";
		};
		CD6BB344206A11D600712F2E /* JSON */ = {
			isa = PBXGroup;
			children = (
				CD6BB342206A11B100712F2E /* jsonFile.json */,
			);
			path = JSON;
			sourceTree = "<group>";
		};
		CD6BB345206A128800712F2E /* CBListingVC */ = {
			isa = PBXGroup;
			children = (
				CD6BB34F206A145500712F2E /* Model */,
				CD6BB34E206A144F00712F2E /* View */,
				CD6BB346206A129F00712F2E /* VIewController */,
			);
			path = CBListingVC;
			sourceTree = "<group>";
		};
		CD6BB346206A129F00712F2E /* VIewController */ = {
			isa = PBXGroup;
			children = (
				CD6BB34C206A141A00712F2E /* CBListingViewController.swift */,
			);
			path = VIewController;
			sourceTree = "<group>";
		};
		CD6BB349206A12F000712F2E /* StoryBoard */ = {
			isa = PBXGroup;
			children = (
				CD6BB34A206A133800712F2E /* StoryboardHelper.swift */,
			);
			path = StoryBoard;
			sourceTree = "<group>";
		};
		CD6BB34E206A144F00712F2E /* View */ = {
			isa = PBXGroup;
			children = (
				CD6BB359206A160300712F2E /* CBListingTableViewCell.swift */,
			);
			path = View;
			sourceTree = "<group>";
		};
		CD6BB34F206A145500712F2E /* Model */ = {
			isa = PBXGroup;
			children = (
				CD6BB355206A153100712F2E /* CBListingModel.swift */,
			);
			path = Model;
			sourceTree = "<group>";
		};
		CD6BB350206A14A300712F2E /* CDAPIManager */ = {
			isa = PBXGroup;
			children = (
				CD6BB351206A14B900712F2E /* CBUserServices.swift */,
			);
			path = CDAPIManager;
			sourceTree = "<group>";
		};
		CD6BB357206A15A500712F2E /* Source */ = {
			isa = PBXGroup;
			children = (
				CD1B04DB206B7D0800922556 /* credentials.plist */,
				CD6BB36F206ABE2E00712F2E /* CBCoreDataUtilityFile.swift */,
				CD6AC1B020691735000CB1CF /* AppDelegate.swift */,
				CD6BB35B206A1A5700712F2E /* UIView.swift */,
				CD6BB349206A12F000712F2E /* StoryBoard */,
				CD6BB350206A14A300712F2E /* CDAPIManager */,
				CD6BB358206A15B100712F2E /* Root */,
			);
			path = Source;
			sourceTree = "<group>";
		};
		CD6BB358206A15B100712F2E /* Root */ = {
			isa = PBXGroup;
			children = (
				CD1B04D2206B5F1C00922556 /* CBListingDetail */,
				CD6BB366206A562D00712F2E /* SaveList */,
				CD6BB360206A1EF700712F2E /* Login */,
				CD6BB35F206A1EE800712F2E /* TabBar */,
				CD6BB344206A11D600712F2E /* JSON */,
				CD6BB345206A128800712F2E /* CBListingVC */,
			);
			path = Root;
			sourceTree = "<group>";
		};
		CD6BB35F206A1EE800712F2E /* TabBar */ = {
			isa = PBXGroup;
			children = (
				CD6BB35D206A1E4000712F2E /* CBTabBarController.swift */,
			);
			path = TabBar;
			sourceTree = "<group>";
		};
		CD6BB360206A1EF700712F2E /* Login */ = {
			isa = PBXGroup;
			children = (
				CD6BB361206A1F0100712F2E /* ViewController */,
			);
			path = Login;
			sourceTree = "<group>";
		};
		CD6BB361206A1F0100712F2E /* ViewController */ = {
			isa = PBXGroup;
			children = (
				CD6BB362206A1F2100712F2E /* CBLoginViewController.swift */,
			);
			path = ViewController;
			sourceTree = "<group>";
		};
		CD6BB366206A562D00712F2E /* SaveList */ = {
			isa = PBXGroup;
			children = (
				CD6BB36A206A57C500712F2E /* View */,
				CD6BB367206A563900712F2E /* ViewController */,
			);
			path = SaveList;
			sourceTree = "<group>";
		};
		CD6BB367206A563900712F2E /* ViewController */ = {
			isa = PBXGroup;
			children = (
				CD6BB368206A565600712F2E /* CBSaveListViewController.swift */,
			);
			path = ViewController;
			sourceTree = "<group>";
		};
		CD6BB36A206A57C500712F2E /* View */ = {
			isa = PBXGroup;
			children = (
				CD6BB36B206A57DC00712F2E /* CBSaveListTableViewCell.swift */,
			);
			path = View;
			sourceTree = "<group>";
		};
/* End PBXGroup section */

/* Begin PBXNativeTarget section */
		CD6AC1AC20691735000CB1CF /* CodersBrain */ = {
			isa = PBXNativeTarget;
			buildConfigurationList = CD6AC1D820691735000CB1CF /* Build configuration list for PBXNativeTarget "CodersBrain" */;
			buildPhases = (
				2D9AF6957A94D0E2B25263CF /* [CP] Check Pods Manifest.lock */,
				CD6AC1A920691735000CB1CF /* Sources */,
				CD6AC1AA20691735000CB1CF /* Frameworks */,
				CD6AC1AB20691735000CB1CF /* Resources */,
				82E6605C5C52EE5F7F8D243A /* [CP] Embed Pods Frameworks */,
				48EA4AB6328E5A6F840A0864 /* [CP] Copy Pods Resources */,
			);
			buildRules = (
			);
			dependencies = (
			);
			name = CodersBrain;
			productName = CodersBrain;
			productReference = CD6AC1AD20691735000CB1CF /* CodersBrain.app */;
			productType = "com.apple.product-type.application";
		};
		CD6AC1C320691735000CB1CF /* CodersBrainTests */ = {
			isa = PBXNativeTarget;
			buildConfigurationList = CD6AC1DB20691735000CB1CF /* Build configuration list for PBXNativeTarget "CodersBrainTests" */;
			buildPhases = (
				CD6AC1C020691735000CB1CF /* Sources */,
				CD6AC1C120691735000CB1CF /* Frameworks */,
				CD6AC1C220691735000CB1CF /* Resources */,
			);
			buildRules = (
			);
			dependencies = (
				CD6AC1C620691735000CB1CF /* PBXTargetDependency */,
			);
			name = CodersBrainTests;
			productName = CodersBrainTests;
			productReference = CD6AC1C420691735000CB1CF /* CodersBrainTests.xctest */;
			productType = "com.apple.product-type.bundle.unit-test";
		};
		CD6AC1CE20691735000CB1CF /* CodersBrainUITests */ = {
			isa = PBXNativeTarget;
			buildConfigurationList = CD6AC1DE20691735000CB1CF /* Build configuration list for PBXNativeTarget "CodersBrainUITests" */;
			buildPhases = (
				CD6AC1CB20691735000CB1CF /* Sources */,
				CD6AC1CC20691735000CB1CF /* Frameworks */,
				CD6AC1CD20691735000CB1CF /* Resources */,
			);
			buildRules = (
			);
			dependencies = (
				CD6AC1D120691735000CB1CF /* PBXTargetDependency */,
			);
			name = CodersBrainUITests;
			productName = CodersBrainUITests;
			productReference = CD6AC1CF20691735000CB1CF /* CodersBrainUITests.xctest */;
			productType = "com.apple.product-type.bundle.ui-testing";
		};
/* End PBXNativeTarget section */

/* Begin PBXProject section */
		CD6AC1A520691735000CB1CF /* Project object */ = {
			isa = PBXProject;
			attributes = {
				LastSwiftUpdateCheck = 0920;
				LastUpgradeCheck = 0920;
				ORGANIZATIONNAME = Farooque;
				TargetAttributes = {
					CD6AC1AC20691735000CB1CF = {
						CreatedOnToolsVersion = 9.2;
						ProvisioningStyle = Automatic;
					};
					CD6AC1C320691735000CB1CF = {
						CreatedOnToolsVersion = 9.2;
						ProvisioningStyle = Automatic;
						TestTargetID = CD6AC1AC20691735000CB1CF;
					};
					CD6AC1CE20691735000CB1CF = {
						CreatedOnToolsVersion = 9.2;
						ProvisioningStyle = Automatic;
						TestTargetID = CD6AC1AC20691735000CB1CF;
					};
				};
			};
			buildConfigurationList = CD6AC1A820691735000CB1CF /* Build configuration list for PBXProject "CodersBrain" */;
			compatibilityVersion = "Xcode 8.0";
			developmentRegion = en;
			hasScannedForEncodings = 0;
			knownRegions = (
				en,
				Base,
			);
			mainGroup = CD6AC1A420691735000CB1CF;
			productRefGroup = CD6AC1AE20691735000CB1CF /* Products */;
			projectDirPath = "";
			projectRoot = "";
			targets = (
				CD6AC1AC20691735000CB1CF /* CodersBrain */,
				CD6AC1C320691735000CB1CF /* CodersBrainTests */,
				CD6AC1CE20691735000CB1CF /* CodersBrainUITests */,
			);
		};
/* End PBXProject section */

/* Begin PBXResourcesBuildPhase section */
		CD6AC1AB20691735000CB1CF /* Resources */ = {
			isa = PBXResourcesBuildPhase;
			buildActionMask = 2147483647;
			files = (
				CD6AC1BE20691735000CB1CF /* LaunchScreen.storyboard in Resources */,
				CD1B04DC206B7D0800922556 /* credentials.plist in Resources */,
				CD6AC1BB20691735000CB1CF /* Assets.xcassets in Resources */,
				CD1B04D8206B5FF200922556 /* listingDetail.storyboard in Resources */,
				CD6AC1B620691735000CB1CF /* Main.storyboard in Resources */,
				CD6BB343206A11B100712F2E /* jsonFile.json in Resources */,
			);
			runOnlyForDeploymentPostprocessing = 0;
		};
		CD6AC1C220691735000CB1CF /* Resources */ = {
			isa = PBXResourcesBuildPhase;
			buildActionMask = 2147483647;
			files = (
			);
			runOnlyForDeploymentPostprocessing = 0;
		};
		CD6AC1CD20691735000CB1CF /* Resources */ = {
			isa = PBXResourcesBuildPhase;
			buildActionMask = 2147483647;
			files = (
			);
			runOnlyForDeploymentPostprocessing = 0;
		};
/* End PBXResourcesBuildPhase section */

/* Begin PBXShellScriptBuildPhase section */
		2D9AF6957A94D0E2B25263CF /* [CP] Check Pods Manifest.lock */ = {
			isa = PBXShellScriptBuildPhase;
			buildActionMask = 2147483647;
			files = (
			);
			inputPaths = (
				"${PODS_PODFILE_DIR_PATH}/Podfile.lock",
				"${PODS_ROOT}/Manifest.lock",
			);
			name = "[CP] Check Pods Manifest.lock";
			outputPaths = (
				"$(DERIVED_FILE_DIR)/Pods-CodersBrain-checkManifestLockResult.txt",
			);
			runOnlyForDeploymentPostprocessing = 0;
			shellPath = /bin/sh;
			shellScript = "diff \"${PODS_PODFILE_DIR_PATH}/Podfile.lock\" \"${PODS_ROOT}/Manifest.lock\" > /dev/null\nif [ $? != 0 ] ; then\n    # print error to STDERR\n    echo \"error: The sandbox is not in sync with the Podfile.lock. Run 'pod install' or update your CocoaPods installation.\" >&2\n    exit 1\nfi\n# This output is used by Xcode 'outputs' to avoid re-running this script phase.\necho \"SUCCESS\" > \"${SCRIPT_OUTPUT_FILE_0}\"\n";
			showEnvVarsInLog = 0;
		};
		48EA4AB6328E5A6F840A0864 /* [CP] Copy Pods Resources */ = {
			isa = PBXShellScriptBuildPhase;
			buildActionMask = 2147483647;
			files = (
			);
			inputPaths = (
				"${SRCROOT}/Pods/Target Support Files/Pods-CodersBrain/Pods-CodersBrain-resources.sh",
				"${PODS_ROOT}/GoogleSignIn/Resources/GoogleSignIn.bundle",
			);
			name = "[CP] Copy Pods Resources";
			outputPaths = (
				"${TARGET_BUILD_DIR}/${UNLOCALIZED_RESOURCES_FOLDER_PATH}",
			);
			runOnlyForDeploymentPostprocessing = 0;
			shellPath = /bin/sh;
			shellScript = "\"${SRCROOT}/Pods/Target Support Files/Pods-CodersBrain/Pods-CodersBrain-resources.sh\"\n";
			showEnvVarsInLog = 0;
		};
		82E6605C5C52EE5F7F8D243A /* [CP] Embed Pods Frameworks */ = {
			isa = PBXShellScriptBuildPhase;
			buildActionMask = 2147483647;
			files = (
			);
			inputPaths = (
				"${SRCROOT}/Pods/Target Support Files/Pods-CodersBrain/Pods-CodersBrain-frameworks.sh",
				"${BUILT_PRODUCTS_DIR}/Bolts/Bolts.framework",
				"${BUILT_PRODUCTS_DIR}/FBSDKCoreKit/FBSDKCoreKit.framework",
				"${BUILT_PRODUCTS_DIR}/FBSDKLoginKit/FBSDKLoginKit.framework",
				"${BUILT_PRODUCTS_DIR}/FacebookCore/FacebookCore.framework",
				"${BUILT_PRODUCTS_DIR}/FacebookLogin/FacebookLogin.framework",
				"${BUILT_PRODUCTS_DIR}/GTMOAuth2/GTMOAuth2.framework",
				"${BUILT_PRODUCTS_DIR}/GTMSessionFetcher/GTMSessionFetcher.framework",
				"${BUILT_PRODUCTS_DIR}/GoogleToolboxForMac/GoogleToolboxForMac.framework",
				"${BUILT_PRODUCTS_DIR}/SwiftyJSON/SwiftyJSON.framework",
			);
			name = "[CP] Embed Pods Frameworks";
			outputPaths = (
				"${TARGET_BUILD_DIR}/${FRAMEWORKS_FOLDER_PATH}/Bolts.framework",
				"${TARGET_BUILD_DIR}/${FRAMEWORKS_FOLDER_PATH}/FBSDKCoreKit.framework",
				"${TARGET_BUILD_DIR}/${FRAMEWORKS_FOLDER_PATH}/FBSDKLoginKit.framework",
				"${TARGET_BUILD_DIR}/${FRAMEWORKS_FOLDER_PATH}/FacebookCore.framework",
				"${TARGET_BUILD_DIR}/${FRAMEWORKS_FOLDER_PATH}/FacebookLogin.framework",
				"${TARGET_BUILD_DIR}/${FRAMEWORKS_FOLDER_PATH}/GTMOAuth2.framework",
				"${TARGET_BUILD_DIR}/${FRAMEWORKS_FOLDER_PATH}/GTMSessionFetcher.framework",
				"${TARGET_BUILD_DIR}/${FRAMEWORKS_FOLDER_PATH}/GoogleToolboxForMac.framework",
				"${TARGET_BUILD_DIR}/${FRAMEWORKS_FOLDER_PATH}/SwiftyJSON.framework",
			);
			runOnlyForDeploymentPostprocessing = 0;
			shellPath = /bin/sh;
			shellScript = "\"${SRCROOT}/Pods/Target Support Files/Pods-CodersBrain/Pods-CodersBrain-frameworks.sh\"\n";
			showEnvVarsInLog = 0;
		};
/* End PBXShellScriptBuildPhase section */

/* Begin PBXSourcesBuildPhase section */
		CD6AC1A920691735000CB1CF /* Sources */ = {
			isa = PBXSourcesBuildPhase;
			buildActionMask = 2147483647;
			files = (
				CD6BB35C206A1A5700712F2E /* UIView.swift in Sources */,
				CD6BB363206A1F2100712F2E /* CBLoginViewController.swift in Sources */,
				CD6AC1B920691735000CB1CF /* CodersBrain.xcdatamodeld in Sources */,
				CD6BB356206A153100712F2E /* CBListingModel.swift in Sources */,
				CD6BB34B206A133800712F2E /* StoryboardHelper.swift in Sources */,
				CD6BB34D206A141A00712F2E /* CBListingViewController.swift in Sources */,
				CD6BB352206A14B900712F2E /* CBUserServices.swift in Sources */,
				CD6BB36C206A57DC00712F2E /* CBSaveListTableViewCell.swift in Sources */,
				CD6BB370206ABE2E00712F2E /* CBCoreDataUtilityFile.swift in Sources */,
				CD1B04D5206B5FD200922556 /* CBListingDetailViewController.swift in Sources */,
				CD6BB35E206A1E4000712F2E /* CBTabBarController.swift in Sources */,
				CD6BB369206A565600712F2E /* CBSaveListViewController.swift in Sources */,
				CD6BB35A206A160300712F2E /* CBListingTableViewCell.swift in Sources */,
				CD6AC1B120691735000CB1CF /* AppDelegate.swift in Sources */,
			);
			runOnlyForDeploymentPostprocessing = 0;
		};
		CD6AC1C020691735000CB1CF /* Sources */ = {
			isa = PBXSourcesBuildPhase;
			buildActionMask = 2147483647;
			files = (
				CD6AC1C920691735000CB1CF /* CodersBrainTests.swift in Sources */,
			);
			runOnlyForDeploymentPostprocessing = 0;
		};
		CD6AC1CB20691735000CB1CF /* Sources */ = {
			isa = PBXSourcesBuildPhase;
			buildActionMask = 2147483647;
			files = (
				CD6AC1D420691735000CB1CF /* CodersBrainUITests.swift in Sources */,
			);
			runOnlyForDeploymentPostprocessing = 0;
		};
/* End PBXSourcesBuildPhase section */

/* Begin PBXTargetDependency section */
		CD6AC1C620691735000CB1CF /* PBXTargetDependency */ = {
			isa = PBXTargetDependency;
			target = CD6AC1AC20691735000CB1CF /* CodersBrain */;
			targetProxy = CD6AC1C520691735000CB1CF /* PBXContainerItemProxy */;
		};
		CD6AC1D120691735000CB1CF /* PBXTargetDependency */ = {
			isa = PBXTargetDependency;
			target = CD6AC1AC20691735000CB1CF /* CodersBrain */;
			targetProxy = CD6AC1D020691735000CB1CF /* PBXContainerItemProxy */;
		};
/* End PBXTargetDependency section */

/* Begin PBXVariantGroup section */
		CD6AC1B420691735000CB1CF /* Main.storyboard */ = {
			isa = PBXVariantGroup;
			children = (
				CD6AC1B520691735000CB1CF /* Base */,
			);
			name = Main.storyboard;
			sourceTree = "<group>";
		};
		CD6AC1BC20691735000CB1CF /* LaunchScreen.storyboard */ = {
			isa = PBXVariantGroup;
			children = (
				CD6AC1BD20691735000CB1CF /* Base */,
			);
			name = LaunchScreen.storyboard;
			sourceTree = "<group>";
		};
/* End PBXVariantGroup section */

/* Begin XCBuildConfiguration section */
		CD6AC1D620691735000CB1CF /* Debug */ = {
			isa = XCBuildConfiguration;
			buildSettings = {
				ALWAYS_SEARCH_USER_PATHS = NO;
				CLANG_ANALYZER_NONNULL = YES;
				CLANG_ANALYZER_NUMBER_OBJECT_CONVERSION = YES_AGGRESSIVE;
				CLANG_CXX_LANGUAGE_STANDARD = "gnu++14";
				CLANG_CXX_LIBRARY = "libc++";
				CLANG_ENABLE_MODULES = YES;
				CLANG_ENABLE_OBJC_ARC = YES;
				CLANG_WARN_BLOCK_CAPTURE_AUTORELEASING = YES;
				CLANG_WARN_BOOL_CONVERSION = YES;
				CLANG_WARN_COMMA = YES;
				CLANG_WARN_CONSTANT_CONVERSION = YES;
				CLANG_WARN_DIRECT_OBJC_ISA_USAGE = YES_ERROR;
				CLANG_WARN_DOCUMENTATION_COMMENTS = YES;
				CLANG_WARN_EMPTY_BODY = YES;
				CLANG_WARN_ENUM_CONVERSION = YES;
				CLANG_WARN_INFINITE_RECURSION = YES;
				CLANG_WARN_INT_CONVERSION = YES;
				CLANG_WARN_NON_LITERAL_NULL_CONVERSION = YES;
				CLANG_WARN_OBJC_LITERAL_CONVERSION = YES;
				CLANG_WARN_OBJC_ROOT_CLASS = YES_ERROR;
				CLANG_WARN_RANGE_LOOP_ANALYSIS = YES;
				CLANG_WARN_STRICT_PROTOTYPES = YES;
				CLANG_WARN_SUSPICIOUS_MOVE = YES;
				CLANG_WARN_UNGUARDED_AVAILABILITY = YES_AGGRESSIVE;
				CLANG_WARN_UNREACHABLE_CODE = YES;
				CLANG_WARN__DUPLICATE_METHOD_MATCH = YES;
				CODE_SIGN_IDENTITY = "iPhone Developer";
				COPY_PHASE_STRIP = NO;
				DEBUG_INFORMATION_FORMAT = dwarf;
				ENABLE_STRICT_OBJC_MSGSEND = YES;
				ENABLE_TESTABILITY = YES;
				GCC_C_LANGUAGE_STANDARD = gnu11;
				GCC_DYNAMIC_NO_PIC = NO;
				GCC_NO_COMMON_BLOCKS = YES;
				GCC_OPTIMIZATION_LEVEL = 0;
				GCC_PREPROCESSOR_DEFINITIONS = (
					"DEBUG=1",
					"$(inherited)",
				);
				GCC_WARN_64_TO_32_BIT_CONVERSION = YES;
				GCC_WARN_ABOUT_RETURN_TYPE = YES_ERROR;
				GCC_WARN_UNDECLARED_SELECTOR = YES;
				GCC_WARN_UNINITIALIZED_AUTOS = YES_AGGRESSIVE;
				GCC_WARN_UNUSED_FUNCTION = YES;
				GCC_WARN_UNUSED_VARIABLE = YES;
				IPHONEOS_DEPLOYMENT_TARGET = 11.2;
				MTL_ENABLE_DEBUG_INFO = YES;
				ONLY_ACTIVE_ARCH = YES;
				SDKROOT = iphoneos;
				SWIFT_ACTIVE_COMPILATION_CONDITIONS = DEBUG;
				SWIFT_OPTIMIZATION_LEVEL = "-Onone";
			};
			name = Debug;
		};
		CD6AC1D720691735000CB1CF /* Release */ = {
			isa = XCBuildConfiguration;
			buildSettings = {
				ALWAYS_SEARCH_USER_PATHS = NO;
				CLANG_ANALYZER_NONNULL = YES;
				CLANG_ANALYZER_NUMBER_OBJECT_CONVERSION = YES_AGGRESSIVE;
				CLANG_CXX_LANGUAGE_STANDARD = "gnu++14";
				CLANG_CXX_LIBRARY = "libc++";
				CLANG_ENABLE_MODULES = YES;
				CLANG_ENABLE_OBJC_ARC = YES;
				CLANG_WARN_BLOCK_CAPTURE_AUTORELEASING = YES;
				CLANG_WARN_BOOL_CONVERSION = YES;
				CLANG_WARN_COMMA = YES;
				CLANG_WARN_CONSTANT_CONVERSION = YES;
				CLANG_WARN_DIRECT_OBJC_ISA_USAGE = YES_ERROR;
				CLANG_WARN_DOCUMENTATION_COMMENTS = YES;
				CLANG_WARN_EMPTY_BODY = YES;
				CLANG_WARN_ENUM_CONVERSION = YES;
				CLANG_WARN_INFINITE_RECURSION = YES;
				CLANG_WARN_INT_CONVERSION = YES;
				CLANG_WARN_NON_LITERAL_NULL_CONVERSION = YES;
				CLANG_WARN_OBJC_LITERAL_CONVERSION = YES;
				CLANG_WARN_OBJC_ROOT_CLASS = YES_ERROR;
				CLANG_WARN_RANGE_LOOP_ANALYSIS = YES;
				CLANG_WARN_STRICT_PROTOTYPES = YES;
				CLANG_WARN_SUSPICIOUS_MOVE = YES;
				CLANG_WARN_UNGUARDED_AVAILABILITY = YES_AGGRESSIVE;
				CLANG_WARN_UNREACHABLE_CODE = YES;
				CLANG_WARN__DUPLICATE_METHOD_MATCH = YES;
				CODE_SIGN_IDENTITY = "iPhone Developer";
				COPY_PHASE_STRIP = NO;
				DEBUG_INFORMATION_FORMAT = "dwarf-with-dsym";
				ENABLE_NS_ASSERTIONS = NO;
				ENABLE_STRICT_OBJC_MSGSEND = YES;
				GCC_C_LANGUAGE_STANDARD = gnu11;
				GCC_NO_COMMON_BLOCKS = YES;
				GCC_WARN_64_TO_32_BIT_CONVERSION = YES;
				GCC_WARN_ABOUT_RETURN_TYPE = YES_ERROR;
				GCC_WARN_UNDECLARED_SELECTOR = YES;
				GCC_WARN_UNINITIALIZED_AUTOS = YES_AGGRESSIVE;
				GCC_WARN_UNUSED_FUNCTION = YES;
				GCC_WARN_UNUSED_VARIABLE = YES;
				IPHONEOS_DEPLOYMENT_TARGET = 11.2;
				MTL_ENABLE_DEBUG_INFO = NO;
				SDKROOT = iphoneos;
				SWIFT_OPTIMIZATION_LEVEL = "-Owholemodule";
				VALIDATE_PRODUCT = YES;
			};
			name = Release;
		};
		CD6AC1D920691735000CB1CF /* Debug */ = {
			isa = XCBuildConfiguration;
			baseConfigurationReference = 81FC4619FEB7B44AE0E26DE0 /* Pods-CodersBrain.debug.xcconfig */;
			buildSettings = {
				ASSETCATALOG_COMPILER_APPICON_NAME = AppIcon;
				CODE_SIGN_STYLE = Automatic;
				INFOPLIST_FILE = CodersBrain/Info.plist;
				LD_RUNPATH_SEARCH_PATHS = "$(inherited) @executable_path/Frameworks";
				PRODUCT_BUNDLE_IDENTIFIER = Farooque.CodersBrain;
				PRODUCT_NAME = "$(TARGET_NAME)";
				SWIFT_VERSION = 4.0;
				TARGETED_DEVICE_FAMILY = "1,2";
			};
			name = Debug;
		};
		CD6AC1DA20691735000CB1CF /* Release */ = {
			isa = XCBuildConfiguration;
			baseConfigurationReference = 28B873C3AEC414C520BBE30E /* Pods-CodersBrain.release.xcconfig */;
			buildSettings = {
				ASSETCATALOG_COMPILER_APPICON_NAME = AppIcon;
				CODE_SIGN_STYLE = Automatic;
				INFOPLIST_FILE = CodersBrain/Info.plist;
				LD_RUNPATH_SEARCH_PATHS = "$(inherited) @executable_path/Frameworks";
				PRODUCT_BUNDLE_IDENTIFIER = Farooque.CodersBrain;
				PRODUCT_NAME = "$(TARGET_NAME)";
				SWIFT_VERSION = 4.0;
				TARGETED_DEVICE_FAMILY = "1,2";
			};
			name = Release;
		};
		CD6AC1DC20691735000CB1CF /* Debug */ = {
			isa = XCBuildConfiguration;
			buildSettings = {
				ALWAYS_EMBED_SWIFT_STANDARD_LIBRARIES = YES;
				BUNDLE_LOADER = "$(TEST_HOST)";
				CODE_SIGN_STYLE = Automatic;
				INFOPLIST_FILE = CodersBrainTests/Info.plist;
				LD_RUNPATH_SEARCH_PATHS = "$(inherited) @executable_path/Frameworks @loader_path/Frameworks";
				PRODUCT_BUNDLE_IDENTIFIER = Farooque.CodersBrainTests;
				PRODUCT_NAME = "$(TARGET_NAME)";
				SWIFT_VERSION = 4.0;
				TARGETED_DEVICE_FAMILY = "1,2";
				TEST_HOST = "$(BUILT_PRODUCTS_DIR)/CodersBrain.app/CodersBrain";
			};
			name = Debug;
		};
		CD6AC1DD20691735000CB1CF /* Release */ = {
			isa = XCBuildConfiguration;
			buildSettings = {
				ALWAYS_EMBED_SWIFT_STANDARD_LIBRARIES = YES;
				BUNDLE_LOADER = "$(TEST_HOST)";
				CODE_SIGN_STYLE = Automatic;
				INFOPLIST_FILE = CodersBrainTests/Info.plist;
				LD_RUNPATH_SEARCH_PATHS = "$(inherited) @executable_path/Frameworks @loader_path/Frameworks";
				PRODUCT_BUNDLE_IDENTIFIER = Farooque.CodersBrainTests;
				PRODUCT_NAME = "$(TARGET_NAME)";
				SWIFT_VERSION = 4.0;
				TARGETED_DEVICE_FAMILY = "1,2";
				TEST_HOST = "$(BUILT_PRODUCTS_DIR)/CodersBrain.app/CodersBrain";
			};
			name = Release;
		};
		CD6AC1DF20691735000CB1CF /* Debug */ = {
			isa = XCBuildConfiguration;
			buildSettings = {
				ALWAYS_EMBED_SWIFT_STANDARD_LIBRARIES = YES;
				CODE_SIGN_STYLE = Automatic;
				INFOPLIST_FILE = CodersBrainUITests/Info.plist;
				LD_RUNPATH_SEARCH_PATHS = "$(inherited) @executable_path/Frameworks @loader_path/Frameworks";
				PRODUCT_BUNDLE_IDENTIFIER = Farooque.CodersBrainUITests;
				PRODUCT_NAME = "$(TARGET_NAME)";
				SWIFT_VERSION = 4.0;
				TARGETED_DEVICE_FAMILY = "1,2";
				TEST_TARGET_NAME = CodersBrain;
			};
			name = Debug;
		};
		CD6AC1E020691735000CB1CF /* Release */ = {
			isa = XCBuildConfiguration;
			buildSettings = {
				ALWAYS_EMBED_SWIFT_STANDARD_LIBRARIES = YES;
				CODE_SIGN_STYLE = Automatic;
				INFOPLIST_FILE = CodersBrainUITests/Info.plist;
				LD_RUNPATH_SEARCH_PATHS = "$(inherited) @executable_path/Frameworks @loader_path/Frameworks";
				PRODUCT_BUNDLE_IDENTIFIER = Farooque.CodersBrainUITests;
				PRODUCT_NAME = "$(TARGET_NAME)";
				SWIFT_VERSION = 4.0;
				TARGETED_DEVICE_FAMILY = "1,2";
				TEST_TARGET_NAME = CodersBrain;
			};
			name = Release;
		};
/* End XCBuildConfiguration section */

/* Begin XCConfigurationList section */
		CD6AC1A820691735000CB1CF /* Build configuration list for PBXProject "CodersBrain" */ = {
			isa = XCConfigurationList;
			buildConfigurations = (
				CD6AC1D620691735000CB1CF /* Debug */,
				CD6AC1D720691735000CB1CF /* Release */,
			);
			defaultConfigurationIsVisible = 0;
			defaultConfigurationName = Release;
		};
		CD6AC1D820691735000CB1CF /* Build configuration list for PBXNativeTarget "CodersBrain" */ = {
			isa = XCConfigurationList;
			buildConfigurations = (
				CD6AC1D920691735000CB1CF /* Debug */,
				CD6AC1DA20691735000CB1CF /* Release */,
			);
			defaultConfigurationIsVisible = 0;
			defaultConfigurationName = Release;
		};
		CD6AC1DB20691735000CB1CF /* Build configuration list for PBXNativeTarget "CodersBrainTests" */ = {
			isa = XCConfigurationList;
			buildConfigurations = (
				CD6AC1DC20691735000CB1CF /* Debug */,
				CD6AC1DD20691735000CB1CF /* Release */,
			);
			defaultConfigurationIsVisible = 0;
			defaultConfigurationName = Release;
		};
		CD6AC1DE20691735000CB1CF /* Build configuration list for PBXNativeTarget "CodersBrainUITests" */ = {
			isa = XCConfigurationList;
			buildConfigurations = (
				CD6AC1DF20691735000CB1CF /* Debug */,
				CD6AC1E020691735000CB1CF /* Release */,
			);
			defaultConfigurationIsVisible = 0;
			defaultConfigurationName = Release;
		};
/* End XCConfigurationList section */

/* Begin XCVersionGroup section */
		CD6AC1B720691735000CB1CF /* CodersBrain.xcdatamodeld */ = {
			isa = XCVersionGroup;
			children = (
				CD6AC1B820691735000CB1CF /* CodersBrain.xcdatamodel */,
			);
			currentVersion = CD6AC1B820691735000CB1CF /* CodersBrain.xcdatamodel */;
			path = CodersBrain.xcdatamodeld;
			sourceTree = "<group>";
			versionGroupType = wrapper.xcdatamodel;
		};
/* End XCVersionGroup section */
	};
	rootObject = CD6AC1A520691735000CB1CF /* Project object */;
}
